{
  "name": "examples",
  "version": "1.0.0",
  "lockfileVersion": 2,
  "requires": true,
  "packages": {
    "": {
      "name": "examples",
      "version": "1.0.0",
      "license": "ISC",
      "dependencies": {
        "mco-parser": "./../src"
      }
    },
    "../src": {},
    "node_modules/mco-parser": {
      "resolved": "../src",
      "link": true
    }
  },
  "dependencies": {
    "mco-parser": {
      "version": "file:../src"
    }
  }
}
